lockfileVersion: '9.0'

settings:
  autoInstallPeers: true
  excludeLinksFromLockfile: false

importers:

  .:
    dependencies:
      '@anthropic-ai/sdk':
        specifier: 0.52.0
        version: 0.52.0
      '@onkernel/sdk':
        specifier: 0.3.0
        version: 0.3.0
      luxon:
        specifier: 3.6.0
        version: 3.6.0
      playwright:
        specifier: ^1.52.0
        version: 1.52.0
      typescript:
        specifier: ^5
        version: 5.8.3

packages:

  '@anthropic-ai/sdk@0.52.0':
    resolution: {integrity: sha512-d4c+fg+xy9e46c8+YnrrgIQR45CZlAi7PwdzIfDXDM6ACxEZli1/fxhURsq30ZpMZy6LvSkr41jGq5aF5TD7rQ==}
    hasBin: true

  '@onkernel/sdk@0.3.0':
    resolution: {integrity: sha512-15hL/6qqM+wA63cR5O8dtUdOBtcPmOZylB2zgq7q2nGJrqzCS99M2onyrjV31CDLowf9bmnHHjXMLzWvcO7L0g==}

  fsevents@2.3.2:
    resolution: {integrity: sha512-xiqMQR4xAeHTuB9uWm+fFRcIOgKBMiOBP+eXiyT7jsgVCq1bkVygt00oASowB7EdtpOHaaPgKt812P9ab+DDKA==}
    engines: {node: ^8.16.0 || ^10.6.0 || >=11.0.0}
    os: [darwin]

  luxon@3.6.0:
    resolution: {integrity: sha512-WE7p0p7W1xji9qxkLYsvcIxZyfP48GuFrWIBQZIsbjCyf65dG1rv4n83HcOyEyhvzxJCrUoObCRNFgRNIQ5KNA==}
    engines: {node: '>=12'}

  playwright-core@1.52.0:
    resolution: {integrity: sha512-l2osTgLXSMeuLZOML9qYODUQoPPnUsKsb5/P6LJ2e6uPKXUdPK5WYhN4z03G+YNbWmGDY4YENauNu4ZKczreHg==}
    engines: {node: '>=18'}
    hasBin: true

  playwright@1.52.0:
    resolution: {integrity: sha512-JAwMNMBlxJ2oD1kce4KPtMkDeKGHQstdpFPcPH3maElAXon/QZeTvtsfXmTMRyO9TslfoYOXkSsvao2nE1ilTw==}
    engines: {node: '>=18'}
    hasBin: true

  typescript@5.8.3:
    resolution: {integrity: sha512-p1diW6TqL9L07nNxvRMM7hMMw4c5XOo/1ibL4aAIGmSAt9slTE1Xgw5KWuof2uTOvCg9BY7ZRi+GaF+7sfgPeQ==}
    engines: {node: '>=14.17'}
    hasBin: true

snapshots:

  '@anthropic-ai/sdk@0.52.0': {}

  '@onkernel/sdk@0.3.0': {}

  fsevents@2.3.2:
    optional: true

  luxon@3.6.0: {}

  playwright-core@1.52.0: {}

  playwright@1.52.0:
    dependencies:
      playwright-core: 1.52.0
    optionalDependencies:
      fsevents: 2.3.2

  typescript@5.8.3: {}
