{
  "lockfileVersion": 1,
  "workspaces": {
    "": {
      "name": "ts-anthropic-cu",
      "dependencies": {
        "@onkernel/cu-playwright": "^0.1.0",
        "@onkernel/sdk": "^0.6.0",
        "playwright": "^1.52.0",
        "zod": "^3.25.0",
      },
      "peerDependencies": {
        "typescript": "^5",
      },
    },
  },
  "packages": {
    "@anthropic-ai/sdk": ["@anthropic-ai/sdk@0.52.0", "", { "bin": { "anthropic-ai-sdk": "bin/cli" } }, "sha512-d4c+fg+xy9e46c8+YnrrgIQR45CZlAi7PwdzIfDXDM6ACxEZli1/fxhURsq30ZpMZy6LvSkr41jGq5aF5TD7rQ=="],

    "@onkernel/cu-playwright": ["@onkernel/cu-playwright@0.1.1", "", { "dependencies": { "@anthropic-ai/sdk": "0.52.0", "luxon": "3.6.0", "zod": "^3.25.0", "zod-to-json-schema": "^3.23.1" }, "peerDependencies": { "playwright": "^1.52.0", "typescript": "^5" } }, "sha512-BSjeU49FW0gDl7NbV/OtwzN8fFwUGAEr3nMKoRy5k875fZnx/CNlqkmB+meFs7JmT87EcVhfd419zjr3Qk+YAQ=="],

    "@onkernel/sdk": ["@onkernel/sdk@0.6.1", "", {}, "sha512-ygk39kbtahhzS4nHEMGCRKu0lfaWM2tExex7GDta6JCIqiFTLQtiDd9xDGd/uX1FyhUnOqkyYaiy6XxDreX9MQ=="],

    "fsevents": ["fsevents@2.3.2", "", { "os": "darwin" }, "sha512-xiqMQR4xAeHTuB9uWm+fFRcIOgKBMiOBP+eXiyT7jsgVCq1bkVygt00oASowB7EdtpOHaaPgKt812P9ab+DDKA=="],

    "luxon": ["luxon@3.6.0", "", {}, "sha512-WE7p0p7W1xji9qxkLYsvcIxZyfP48GuFrWIBQZIsbjCyf65dG1rv4n83HcOyEyhvzxJCrUoObCRNFgRNIQ5KNA=="],

    "playwright": ["playwright@1.53.1", "", { "dependencies": { "playwright-core": "1.53.1" }, "optionalDependencies": { "fsevents": "2.3.2" }, "bin": { "playwright": "cli.js" } }, "sha512-LJ13YLr/ocweuwxyGf1XNFWIU4M2zUSo149Qbp+A4cpwDjsxRPj7k6H25LBrEHiEwxvRbD8HdwvQmRMSvquhYw=="],

    "playwright-core": ["playwright-core@1.53.1", "", { "bin": { "playwright-core": "cli.js" } }, "sha512-Z46Oq7tLAyT0lGoFx4DOuB1IA9D1TPj0QkYxpPVUnGDqHHvDpCftu1J2hM2PiWsNMoZh8+LQaarAWcDfPBc6zg=="],

    "typescript": ["typescript@5.8.3", "", { "bin": { "tsc": "bin/tsc", "tsserver": "bin/tsserver" } }, "sha512-p1diW6TqL9L07nNxvRMM7hMMw4c5XOo/1ibL4aAIGmSAt9slTE1Xgw5KWuof2uTOvCg9BY7ZRi+GaF+7sfgPeQ=="],

    "zod": ["zod@3.25.67", "", {}, "sha512-idA2YXwpCdqUSKRCACDE6ItZD9TZzy3OZMtpfLoh6oPR47lipysRrJfjzMqFxQ3uJuUPyUeWe1r9vLH33xO/Qw=="],

    "zod-to-json-schema": ["zod-to-json-schema@3.24.5", "", { "peerDependencies": { "zod": "^3.24.1" } }, "sha512-/AuWwMP+YqiPbsJx5D6TfgRTc4kTLjsh5SOcd4bLsfUg2RcEXrFMJl1DGgdHy2aCfsIA/cr/1JM0xcB2GZji8g=="],
  }
}
